
Microsoft Visual Studio Solution File, Format Version 12.00
# Visual Studio Version 17
VisualStudioVersion = 17.1.32407.343
MinimumVisualStudioVersion = 10.0.40219.1
Project("{8BC9CEB8-8B4A-11D0-8D11-00A0C91BC942}") = "pitfalls map 1 Yandex Praktikum", "pitfalls map 1 Yandex Praktikum\pitfalls map 1 Yandex Praktikum.vcxproj", "{71B2276A-C554-4C1E-8B1D-203A8F8CC6DF}"
EndProject
Global
	GlobalSection(SolutionConfigurationPlatforms) = preSolution
		Debug|x64 = Debug|x64
		Debug|x86 = Debug|x86
		Release|x64 = Release|x64
		Release|x86 = Release|x86
	EndGlobalSection
	GlobalSection(ProjectConfigurationPlatforms) = postSolution
		{71B2276A-C554-4C1E-8B1D-203A8F8CC6DF}.Debug|x64.ActiveCfg = Debug|x64
		{71B2276A-C554-4C1E-8B1D-203A8F8CC6DF}.Debug|x64.Build.0 = Debug|x64
		{71B2276A-C554-4C1E-8B1D-203A8F8CC6DF}.Debug|x86.ActiveCfg = Debug|Win32
		{71B2276A-C554-4C1E-8B1D-203A8F8CC6DF}.Debug|x86.Build.0 = Debug|Win32
		{71B2276A-C554-4C1E-8B1D-203A8F8CC6DF}.Release|x64.ActiveCfg = Release|x64
		{71B2276A-C554-4C1E-8B1D-203A8F8CC6DF}.Release|x64.Build.0 = Release|x64
		{71B2276A-C554-4C1E-8B1D-203A8F8CC6DF}.Release|x86.ActiveCfg = Release|Win32
		{71B2276A-C554-4C1E-8B1D-203A8F8CC6DF}.Release|x86.Build.0 = Release|Win32
	EndGlobalSection
	GlobalSection(SolutionProperties) = preSolution
		HideSolutionNode = FALSE
	EndGlobalSection
	GlobalSection(ExtensibilityGlobals) = postSolution
		SolutionGuid = {73DB74BF-82FC-4ED6-BE73-B563FE59BD27}
	EndGlobalSection
EndGlobal
